{
  "name": "GF_Chatbot_Backend",
  "lockfileVersion": 3,
  "requires": true,
  "packages": {
    "": {
      "dependencies": {
        "optimist": "^0.5.2",
        "pip": "^0.0.1",
        "python": "^0.0.4"
      }
    },
    "node_modules/freckle": {
      "version": "0.0.2",
      "resolved": "https://registry.npmjs.org/freckle/-/freckle-0.0.2.tgz",
      "integrity": "sha512-+x+LoiQ4IDln6qgVyXEHAvu2uD/mRqdezrbx8tpwGwvEWH2gCho4eoe3uKzV4PAzBUjtViSbYLkilMRFy69B5g==",
      "engines": {
        "node": "*"
      }
    },
    "node_modules/optimist": {
      "version": "0.5.2",
      "resolved": "https://registry.npmjs.org/optimist/-/optimist-0.5.2.tgz",
      "integrity": "sha512-r9M8ZpnM9SXV5Wii7TCqienfcaY3tAiJe9Jchof87icbmbruKgK0xKXngmrnowTDnEawmmI1Qbha59JEoBkBGA==",
      "dependencies": {
        "wordwrap": "~0.0.2"
      }
    },
    "node_modules/pip": {
      "version": "0.0.1",
      "resolved": "https://registry.npmjs.org/pip/-/pip-0.0.1.tgz",
      "integrity": "sha512-DMoVWIlQTKcVZAnTZXt4QXPkuA9EFDUhksMOI8OLXIBq3i+W+lFCE+kr5pGDb0vy0f+WZvq0M0Pg7a8K+vNxPA==",
      "dependencies": {
        "freckle": ">= 0.0.1",
        "optimist": ">= 0.1.5"
      },
      "bin": {
        "pip": "lib/cli.js"
      },
      "engines": {
        "node": "*"
      }
    },
    "node_modules/python": {
      "version": "0.0.4",
      "resolved": "https://registry.npmjs.org/python/-/python-0.0.4.tgz",
      "integrity": "sha512-7avKA/6XxrwcGSDes8xGn7FHAUdAUQXKHtpjDulyv5/nm7TcPblmPRvXjjwx5knWHqeRiipqH/TZR2HhmJ4CGQ==",
      "engines": {
        "node": ">= 0.4.1"
      }
    },
    "node_modules/wordwrap": {
      "version": "0.0.3",
      "resolved": "https://registry.npmjs.org/wordwrap/-/wordwrap-0.0.3.tgz",
      "integrity": "sha512-1tMA907+V4QmxV7dbRvb4/8MaRALK6q9Abid3ndMYnbyo8piisCmeONVqVSXqQA3KaP4SLt5b7ud6E2sqP8TFw==",
      "engines": {
        "node": ">=0.4.0"
      }
    }
  }
}
